
Microsoft Visual Studio Solution File, Format Version 12.00
# Visual Studio Version 16
VisualStudioVersion = 16.0.31205.134
MinimumVisualStudioVersion = 10.0.40219.1
Project("{FAE04EC0-301F-11D3-BF4B-00C04F79EFBC}") = "MVCCRUD", "MVCCRUD\MVCCRUD.csproj", "{8CD30A6D-CEFD-459D-87F5-086A0FAACE31}"
EndProject
Global
	GlobalSection(SolutionConfigurationPlatforms) = preSolution
		Debug|Any CPU = Debug|Any CPU
		Release|Any CPU = Release|Any CPU
	EndGlobalSection
	GlobalSection(ProjectConfigurationPlatforms) = postSolution
		{8CD30A6D-CEFD-459D-87F5-086A0FAACE31}.Debug|Any CPU.ActiveCfg = Debug|Any CPU
		{8CD30A6D-CEFD-459D-87F5-086A0FAACE31}.Debug|Any CPU.Build.0 = Debug|Any CPU
		{8CD30A6D-CEFD-459D-87F5-086A0FAACE31}.Release|Any CPU.ActiveCfg = Release|Any CPU
		{8CD30A6D-CEFD-459D-87F5-086A0FAACE31}.Release|Any CPU.Build.0 = Release|Any CPU
	EndGlobalSection
	GlobalSection(SolutionProperties) = preSolution
		HideSolutionNode = FALSE
	EndGlobalSection
	GlobalSection(ExtensibilityGlobals) = postSolution
		SolutionGuid = {28A3A9AC-DDF6-4024-B6CE-4A05DA2D55B6}
	EndGlobalSection
EndGlobal
